
Microsoft Visual Studio Solution File, Format Version 12.00
# Visual Studio 15
VisualStudioVersion = 15.0.27004.2005
MinimumVisualStudioVersion = 10.0.40219.1
Project("{9A19103F-16F7-4668-BE54-9A1E7A4F7556}") = "JobDemoFunctionApp", "JobDemoFunctionApp\JobDemoFunctionApp.csproj", "{26F1C396-6A5E-4F04-85EB-6F1DE38DD937}"
EndProject
Global
	GlobalSection(SolutionConfigurationPlatforms) = preSolution
		Debug|Any CPU = Debug|Any CPU
		Release|Any CPU = Release|Any CPU
	EndGlobalSection
	GlobalSection(ProjectConfigurationPlatforms) = postSolution
		{26F1C396-6A5E-4F04-85EB-6F1DE38DD937}.Debug|Any CPU.ActiveCfg = Debug|Any CPU
		{26F1C396-6A5E-4F04-85EB-6F1DE38DD937}.Debug|Any CPU.Build.0 = Debug|Any CPU
		{26F1C396-6A5E-4F04-85EB-6F1DE38DD937}.Release|Any CPU.ActiveCfg = Release|Any CPU
		{26F1C396-6A5E-4F04-85EB-6F1DE38DD937}.Release|Any CPU.Build.0 = Release|Any CPU
	EndGlobalSection
	GlobalSection(SolutionProperties) = preSolution
		HideSolutionNode = FALSE
	EndGlobalSection
	GlobalSection(ExtensibilityGlobals) = postSolution
		SolutionGuid = {DA2B1343-755A-4049-B32B-07270FBA37C7}
	EndGlobalSection
EndGlobal
